
Microsoft Visual Studio Solution File, Format Version 12.00
# Visual Studio Version 17
VisualStudioVersion = 17.0.31903.59
MinimumVisualStudioVersion = 10.0.40219.1
Project("{FAE04EC0-301F-11D3-BF4B-00C04F79EFBC}") = "AlexUniversityCatalog", "AlexUniversityCatalog.csproj", "{8B94193F-5F83-4F33-B012-582EA9663AEC}"
EndProject
Global
	GlobalSection(SolutionConfigurationPlatforms) = preSolution
		Debug|Any CPU = Debug|Any CPU
		Release|Any CPU = Release|Any CPU
	EndGlobalSection
	GlobalSection(ProjectConfigurationPlatforms) = postSolution
		{8B94193F-5F83-4F33-B012-582EA9663AEC}.Debug|Any CPU.ActiveCfg = Debug|Any CPU
		{8B94193F-5F83-4F33-B012-582EA9663AEC}.Debug|Any CPU.Build.0 = Debug|Any CPU
		{8B94193F-5F83-4F33-B012-582EA9663AEC}.Release|Any CPU.ActiveCfg = Release|Any CPU
		{8B94193F-5F83-4F33-B012-582EA9663AEC}.Release|Any CPU.Build.0 = Release|Any CPU
	EndGlobalSection
	GlobalSection(SolutionProperties) = preSolution
		HideSolutionNode = FALSE
	EndGlobalSection
	GlobalSection(ExtensibilityGlobals) = postSolution
		SolutionGuid = {F03795D7-4304-4D92-A002-10190461CF86}
	EndGlobalSection
EndGlobal
